// !$*UTF8*$!
{
	archiveVersion = 1;
	classes = {
	};
	objectVersion = 50;
	objects = {

/* Begin PBXBuildFile section */
		3A24696C2318A6C300062E24 /* AppDelegate.swift in Sources */ = {isa = PBXBuildFile; fileRef = 3A24696B2318A6C300062E24 /* AppDelegate.swift */; };
		3A24696E2318A6C300062E24 /* CompanyHomeScreenController.swift in Sources */ = {isa = PBXBuildFile; fileRef = 3A24696D2318A6C300062E24 /* CompanyHomeScreenController.swift */; };
		3A2469712318A6C300062E24 /* Main.storyboard in Resources */ = {isa = PBXBuildFile; fileRef = 3A24696F2318A6C300062E24 /* Main.storyboard */; };
		3A2469732318A6C400062E24 /* Assets.xcassets in Resources */ = {isa = PBXBuildFile; fileRef = 3A2469722318A6C400062E24 /* Assets.xcassets */; };
		3A2469762318A6C400062E24 /* LaunchScreen.storyboard in Resources */ = {isa = PBXBuildFile; fileRef = 3A2469742318A6C400062E24 /* LaunchScreen.storyboard */; };
		3A24697E2319282100062E24 /* UIColor+theme.swift in Sources */ = {isa = PBXBuildFile; fileRef = 3A24697D2319282100062E24 /* UIColor+theme.swift */; };
		3A2469802319856C00062E24 /* Company.swift in Sources */ = {isa = PBXBuildFile; fileRef = 3A24697F2319856C00062E24 /* Company.swift */; };
		3A24698223198F2200062E24 /* CreateCompanyController.swift in Sources */ = {isa = PBXBuildFile; fileRef = 3A24698123198F2200062E24 /* CreateCompanyController.swift */; };
		3A2469852319F6D600062E24 /* Model.xcdatamodeld in Sources */ = {isa = PBXBuildFile; fileRef = 3A2469832319F6D600062E24 /* Model.xcdatamodeld */; };
/* End PBXBuildFile section */

/* Begin PBXFileReference section */
		3A2469682318A6C300062E24 /* IntermediateTraining.app */ = {isa = PBXFileReference; explicitFileType = wrapper.application; includeInIndex = 0; path = IntermediateTraining.app; sourceTree = BUILT_PRODUCTS_DIR; };
		3A24696B2318A6C300062E24 /* AppDelegate.swift */ = {isa = PBXFileReference; lastKnownFileType = sourcecode.swift; path = AppDelegate.swift; sourceTree = "<group>"; };
		3A24696D2318A6C300062E24 /* CompanyHomeScreenController.swift */ = {isa = PBXFileReference; lastKnownFileType = sourcecode.swift; path = CompanyHomeScreenController.swift; sourceTree = "<group>"; };
		3A2469702318A6C300062E24 /* Base */ = {isa = PBXFileReference; lastKnownFileType = file.storyboard; name = Base; path = Base.lproj/Main.storyboard; sourceTree = "<group>"; };
		3A2469722318A6C400062E24 /* Assets.xcassets */ = {isa = PBXFileReference; lastKnownFileType = folder.assetcatalog; path = Assets.xcassets; sourceTree = "<group>"; };
		3A2469752318A6C400062E24 /* Base */ = {isa = PBXFileReference; lastKnownFileType = file.storyboard; name = Base; path = Base.lproj/LaunchScreen.storyboard; sourceTree = "<group>"; };
		3A2469772318A6C400062E24 /* Info.plist */ = {isa = PBXFileReference; lastKnownFileType = text.plist.xml; path = Info.plist; sourceTree = "<group>"; };
		3A24697D2319282100062E24 /* UIColor+theme.swift */ = {isa = PBXFileReference; lastKnownFileType = sourcecode.swift; path = "UIColor+theme.swift"; sourceTree = "<group>"; };
		3A24697F2319856C00062E24 /* Company.swift */ = {isa = PBXFileReference; lastKnownFileType = sourcecode.swift; path = Company.swift; sourceTree = "<group>"; };
		3A24698123198F2200062E24 /* CreateCompanyController.swift */ = {isa = PBXFileReference; lastKnownFileType = sourcecode.swift; path = CreateCompanyController.swift; sourceTree = "<group>"; };
		3A2469842319F6D600062E24 /* Model.xcdatamodel */ = {isa = PBXFileReference; lastKnownFileType = wrapper.xcdatamodel; path = Model.xcdatamodel; sourceTree = "<group>"; };
/* End PBXFileReference section */

/* Begin PBXFrameworksBuildPhase section */
		3A2469652318A6C300062E24 /* Frameworks */ = {
			isa = PBXFrameworksBuildPhase;
			buildActionMask = 2147483647;
			files = (
			);
			runOnlyForDeploymentPostprocessing = 0;
		};
/* End PBXFrameworksBuildPhase section */

/* Begin PBXGroup section */
		3A24695F2318A6C300062E24 = {
			isa = PBXGroup;
			children = (
				3A24696A2318A6C300062E24 /* IntermediateTraining */,
				3A2469692318A6C300062E24 /* Products */,
			);
			sourceTree = "<group>";
		};
		3A2469692318A6C300062E24 /* Products */ = {
			isa = PBXGroup;
			children = (
				3A2469682318A6C300062E24 /* IntermediateTraining.app */,
			);
			name = Products;
			sourceTree = "<group>";
		};
		3A24696A2318A6C300062E24 /* IntermediateTraining */ = {
			isa = PBXGroup;
			children = (
				3A24696B2318A6C300062E24 /* AppDelegate.swift */,
				3A24696D2318A6C300062E24 /* CompanyHomeScreenController.swift */,
				3A24696F2318A6C300062E24 /* Main.storyboard */,
				3A2469722318A6C400062E24 /* Assets.xcassets */,
				3A2469742318A6C400062E24 /* LaunchScreen.storyboard */,
				3A2469772318A6C400062E24 /* Info.plist */,
				3A24697D2319282100062E24 /* UIColor+theme.swift */,
				3A24697F2319856C00062E24 /* Company.swift */,
				3A24698123198F2200062E24 /* CreateCompanyController.swift */,
				3A2469832319F6D600062E24 /* Model.xcdatamodeld */,
			);
			path = IntermediateTraining;
			sourceTree = "<group>";
		};
/* End PBXGroup section */

/* Begin PBXNativeTarget section */
		3A2469672318A6C300062E24 /* IntermediateTraining */ = {
			isa = PBXNativeTarget;
			buildConfigurationList = 3A24697A2318A6C400062E24 /* Build configuration list for PBXNativeTarget "IntermediateTraining" */;
			buildPhases = (
				3A2469642318A6C300062E24 /* Sources */,
				3A2469652318A6C300062E24 /* Frameworks */,
				3A2469662318A6C300062E24 /* Resources */,
			);
			buildRules = (
			);
			dependencies = (
			);
			name = IntermediateTraining;
			productName = IntermediateTraining;
			productReference = 3A2469682318A6C300062E24 /* IntermediateTraining.app */;
			productType = "com.apple.product-type.application";
		};
/* End PBXNativeTarget section */

/* Begin PBXProject section */
		3A2469602318A6C300062E24 /* Project object */ = {
			isa = PBXProject;
			attributes = {
				LastSwiftUpdateCheck = 1030;
				LastUpgradeCheck = 1030;
				ORGANIZATIONNAME = "Dwayne Neckles";
				TargetAttributes = {
					3A2469672318A6C300062E24 = {
						CreatedOnToolsVersion = 10.3;
					};
				};
			};
			buildConfigurationList = 3A2469632318A6C300062E24 /* Build configuration list for PBXProject "IntermediateTraining" */;
			compatibilityVersion = "Xcode 9.3";
			developmentRegion = en;
			hasScannedForEncodings = 0;
			knownRegions = (
				en,
				Base,
			);
			mainGroup = 3A24695F2318A6C300062E24;
			productRefGroup = 3A2469692318A6C300062E24 /* Products */;
			projectDirPath = "";
			projectRoot = "";
			targets = (
				3A2469672318A6C300062E24 /* IntermediateTraining */,
			);
		};
/* End PBXProject section */

/* Begin PBXResourcesBuildPhase section */
		3A2469662318A6C300062E24 /* Resources */ = {
			isa = PBXResourcesBuildPhase;
			buildActionMask = 2147483647;
			files = (
				3A2469762318A6C400062E24 /* LaunchScreen.storyboard in Resources */,
				3A2469732318A6C400062E24 /* Assets.xcassets in Resources */,
				3A2469712318A6C300062E24 /* Main.storyboard in Resources */,
			);
			runOnlyForDeploymentPostprocessing = 0;
		};
/* End PBXResourcesBuildPhase section */

/* Begin PBXSourcesBuildPhase section */
		3A2469642318A6C300062E24 /* Sources */ = {
			isa = PBXSourcesBuildPhase;
			buildActionMask = 2147483647;
			files = (
				3A24697E2319282100062E24 /* UIColor+theme.swift in Sources */,
				3A24696E2318A6C300062E24 /* CompanyHomeScreenController.swift in Sources */,
				3A24698223198F2200062E24 /* CreateCompanyController.swift in Sources */,
				3A24696C2318A6C300062E24 /* AppDelegate.swift in Sources */,
				3A2469802319856C00062E24 /* Company.swift in Sources */,
				3A2469852319F6D600062E24 /* Model.xcdatamodeld in Sources */,
			);
			runOnlyForDeploymentPostprocessing = 0;
		};
/* End PBXSourcesBuildPhase section */

/* Begin PBXVariantGroup section */
		3A24696F2318A6C300062E24 /* Main.storyboard */ = {
			isa = PBXVariantGroup;
			children = (
				3A2469702318A6C300062E24 /* Base */,
			);
			name = Main.storyboard;
			sourceTree = "<group>";
		};
		3A2469742318A6C400062E24 /* LaunchScreen.storyboard */ = {
			isa = PBXVariantGroup;
			children = (
				3A2469752318A6C400062E24 /* Base */,
			);
			name = LaunchScreen.storyboard;
			sourceTree = "<group>";
		};
/* End PBXVariantGroup section */

/* Begin XCBuildConfiguration section */
		3A2469782318A6C400062E24 /* Debug */ = {
			isa = XCBuildConfiguration;
			buildSettings = {
				ALWAYS_SEARCH_USER_PATHS = NO;
				CLANG_ANALYZER_NONNULL = YES;
				CLANG_ANALYZER_NUMBER_OBJECT_CONVERSION = YES_AGGRESSIVE;
				CLANG_CXX_LANGUAGE_STANDARD = "gnu++14";
				CLANG_CXX_LIBRARY = "libc++";
				CLANG_ENABLE_MODULES = YES;
				CLANG_ENABLE_OBJC_ARC = YES;
				CLANG_ENABLE_OBJC_WEAK = YES;
				CLANG_WARN_BLOCK_CAPTURE_AUTORELEASING = YES;
				CLANG_WARN_BOOL_CONVERSION = YES;
				CLANG_WARN_COMMA = YES;
				CLANG_WARN_CONSTANT_CONVERSION = YES;
				CLANG_WARN_DEPRECATED_OBJC_IMPLEMENTATIONS = YES;
				CLANG_WARN_DIRECT_OBJC_ISA_USAGE = YES_ERROR;
				CLANG_WARN_DOCUMENTATION_COMMENTS = YES;
				CLANG_WARN_EMPTY_BODY = YES;
				CLANG_WARN_ENUM_CONVERSION = YES;
				CLANG_WARN_INFINITE_RECURSION = YES;
				CLANG_WARN_INT_CONVERSION = YES;
				CLANG_WARN_NON_LITERAL_NULL_CONVERSION = YES;
				CLANG_WARN_OBJC_IMPLICIT_RETAIN_SELF = YES;
				CLANG_WARN_OBJC_LITERAL_CONVERSION = YES;
				CLANG_WARN_OBJC_ROOT_CLASS = YES_ERROR;
				CLANG_WARN_RANGE_LOOP_ANALYSIS = YES;
				CLANG_WARN_STRICT_PROTOTYPES = YES;
				CLANG_WARN_SUSPICIOUS_MOVE = YES;
				CLANG_WARN_UNGUARDED_AVAILABILITY = YES_AGGRESSIVE;
				CLANG_WARN_UNREACHABLE_CODE = YES;
				CLANG_WARN__DUPLICATE_METHOD_MATCH = YES;
				CODE_SIGN_IDENTITY = "iPhone Developer";
				COPY_PHASE_STRIP = NO;
				DEBUG_INFORMATION_FORMAT = dwarf;
				ENABLE_STRICT_OBJC_MSGSEND = YES;
				ENABLE_TESTABILITY = YES;
				GCC_C_LANGUAGE_STANDARD = gnu11;
				GCC_DYNAMIC_NO_PIC = NO;
				GCC_NO_COMMON_BLOCKS = YES;
				GCC_OPTIMIZATION_LEVEL = 0;
				GCC_PREPROCESSOR_DEFINITIONS = (
					"DEBUG=1",
					"$(inherited)",
				);
				GCC_WARN_64_TO_32_BIT_CONVERSION = YES;
				GCC_WARN_ABOUT_RETURN_TYPE = YES_ERROR;
				GCC_WARN_UNDECLARED_SELECTOR = YES;
				GCC_WARN_UNINITIALIZED_AUTOS = YES_AGGRESSIVE;
				GCC_WARN_UNUSED_FUNCTION = YES;
				GCC_WARN_UNUSED_VARIABLE = YES;
				IPHONEOS_DEPLOYMENT_TARGET = 12.4;
				MTL_ENABLE_DEBUG_INFO = INCLUDE_SOURCE;
				MTL_FAST_MATH = YES;
				ONLY_ACTIVE_ARCH = YES;
				SDKROOT = iphoneos;
				SWIFT_ACTIVE_COMPILATION_CONDITIONS = DEBUG;
				SWIFT_OPTIMIZATION_LEVEL = "-Onone";
			};
			name = Debug;
		};
		3A2469792318A6C400062E24 /* Release */ = {
			isa = XCBuildConfiguration;
			buildSettings = {
				ALWAYS_SEARCH_USER_PATHS = NO;
				CLANG_ANALYZER_NONNULL = YES;
				CLANG_ANALYZER_NUMBER_OBJECT_CONVERSION = YES_AGGRESSIVE;
				CLANG_CXX_LANGUAGE_STANDARD = "gnu++14";
				CLANG_CXX_LIBRARY = "libc++";
				CLANG_ENABLE_MODULES = YES;
				CLANG_ENABLE_OBJC_ARC = YES;
				CLANG_ENABLE_OBJC_WEAK = YES;
				CLANG_WARN_BLOCK_CAPTURE_AUTORELEASING = YES;
				CLANG_WARN_BOOL_CONVERSION = YES;
				CLANG_WARN_COMMA = YES;
				CLANG_WARN_CONSTANT_CONVERSION = YES;
				CLANG_WARN_DEPRECATED_OBJC_IMPLEMENTATIONS = YES;
				CLANG_WARN_DIRECT_OBJC_ISA_USAGE = YES_ERROR;
				CLANG_WARN_DOCUMENTATION_COMMENTS = YES;
				CLANG_WARN_EMPTY_BODY = YES;
				CLANG_WARN_ENUM_CONVERSION = YES;
				CLANG_WARN_INFINITE_RECURSION = YES;
				CLANG_WARN_INT_CONVERSION = YES;
				CLANG_WARN_NON_LITERAL_NULL_CONVERSION = YES;
				CLANG_WARN_OBJC_IMPLICIT_RETAIN_SELF = YES;
				CLANG_WARN_OBJC_LITERAL_CONVERSION = YES;
				CLANG_WARN_OBJC_ROOT_CLASS = YES_ERROR;
				CLANG_WARN_RANGE_LOOP_ANALYSIS = YES;
				CLANG_WARN_STRICT_PROTOTYPES = YES;
				CLANG_WARN_SUSPICIOUS_MOVE = YES;
				CLANG_WARN_UNGUARDED_AVAILABILITY = YES_AGGRESSIVE;
				CLANG_WARN_UNREACHABLE_CODE = YES;
				CLANG_WARN__DUPLICATE_METHOD_MATCH = YES;
				CODE_SIGN_IDENTITY = "iPhone Developer";
				COPY_PHASE_STRIP = NO;
				DEBUG_INFORMATION_FORMAT = "dwarf-with-dsym";
				ENABLE_NS_ASSERTIONS = NO;
				ENABLE_STRICT_OBJC_MSGSEND = YES;
				GCC_C_LANGUAGE_STANDARD = gnu11;
				GCC_NO_COMMON_BLOCKS = YES;
				GCC_WARN_64_TO_32_BIT_CONVERSION = YES;
				GCC_WARN_ABOUT_RETURN_TYPE = YES_ERROR;
				GCC_WARN_UNDECLARED_SELECTOR = YES;
				GCC_WARN_UNINITIALIZED_AUTOS = YES_AGGRESSIVE;
				GCC_WARN_UNUSED_FUNCTION = YES;
				GCC_WARN_UNUSED_VARIABLE = YES;
				IPHONEOS_DEPLOYMENT_TARGET = 12.4;
				MTL_ENABLE_DEBUG_INFO = NO;
				MTL_FAST_MATH = YES;
				SDKROOT = iphoneos;
				SWIFT_COMPILATION_MODE = wholemodule;
				SWIFT_OPTIMIZATION_LEVEL = "-O";
				VALIDATE_PRODUCT = YES;
			};
			name = Release;
		};
		3A24697B2318A6C400062E24 /* Debug */ = {
			isa = XCBuildConfiguration;
			buildSettings = {
				ASSETCATALOG_COMPILER_APPICON_NAME = AppIcon;
				CODE_SIGN_STYLE = Automatic;
				DEVELOPMENT_TEAM = G42SF2AJ99;
				INFOPLIST_FILE = IntermediateTraining/Info.plist;
				LD_RUNPATH_SEARCH_PATHS = (
					"$(inherited)",
					"@executable_path/Frameworks",
				);
				PRODUCT_BUNDLE_IDENTIFIER = dwayneneckles.IntermediateTraining;
				PRODUCT_NAME = "$(TARGET_NAME)";
				SWIFT_VERSION = 5.0;
				TARGETED_DEVICE_FAMILY = "1,2";
			};
			name = Debug;
		};
		3A24697C2318A6C400062E24 /* Release */ = {
			isa = XCBuildConfiguration;
			buildSettings = {
				ASSETCATALOG_COMPILER_APPICON_NAME = AppIcon;
				CODE_SIGN_STYLE = Automatic;
				DEVELOPMENT_TEAM = G42SF2AJ99;
				INFOPLIST_FILE = IntermediateTraining/Info.plist;
				LD_RUNPATH_SEARCH_PATHS = (
					"$(inherited)",
					"@executable_path/Frameworks",
				);
				PRODUCT_BUNDLE_IDENTIFIER = dwayneneckles.IntermediateTraining;
				PRODUCT_NAME = "$(TARGET_NAME)";
				SWIFT_VERSION = 5.0;
				TARGETED_DEVICE_FAMILY = "1,2";
			};
			name = Release;
		};
/* End XCBuildConfiguration section */

/* Begin XCConfigurationList section */
		3A2469632318A6C300062E24 /* Build configuration list for PBXProject "IntermediateTraining" */ = {
			isa = XCConfigurationList;
			buildConfigurations = (
				3A2469782318A6C400062E24 /* Debug */,
				3A2469792318A6C400062E24 /* Release */,
			);
			defaultConfigurationIsVisible = 0;
			defaultConfigurationName = Release;
		};
		3A24697A2318A6C400062E24 /* Build configuration list for PBXNativeTarget "IntermediateTraining" */ = {
			isa = XCConfigurationList;
			buildConfigurations = (
				3A24697B2318A6C400062E24 /* Debug */,
				3A24697C2318A6C400062E24 /* Release */,
			);
			defaultConfigurationIsVisible = 0;
			defaultConfigurationName = Release;
		};
/* End XCConfigurationList section */

/* Begin XCVersionGroup section */
		3A2469832319F6D600062E24 /* Model.xcdatamodeld */ = {
			isa = XCVersionGroup;
			children = (
				3A2469842319F6D600062E24 /* Model.xcdatamodel */,
			);
			currentVersion = 3A2469842319F6D600062E24 /* Model.xcdatamodel */;
			path = Model.xcdatamodeld;
			sourceTree = "<group>";
			versionGroupType = wrapper.xcdatamodel;
		};
/* End XCVersionGroup section */
	};
	rootObject = 3A2469602318A6C300062E24 /* Project object */;
}
