// !$*UTF8*$!
{
	archiveVersion = 1;
	classes = {
	};
	objectVersion = 50;
	objects = {

/* Begin PBXBuildFile section */
		3A727F77230BA82B009CC63C /* VerticalStackView.swift in Sources */ = {isa = PBXBuildFile; fileRef = 3A727F76230BA82B009CC63C /* VerticalStackView.swift */; };
		3A727F7A230C50AB009CC63C /* SearchResult.swift in Sources */ = {isa = PBXBuildFile; fileRef = 3A727F79230C50AB009CC63C /* SearchResult.swift */; };
		3AA44E3F230B90F100882B8D /* SearchResultCell.swift in Sources */ = {isa = PBXBuildFile; fileRef = 3AA44E3E230B90F100882B8D /* SearchResultCell.swift */; };
		3AA44E43230B9B0600882B8D /* UIView+Layout.swift in Sources */ = {isa = PBXBuildFile; fileRef = 3AA44E42230B9B0600882B8D /* UIView+Layout.swift */; };
		3AC12954230B5C6A000CC9BB /* AppDelegate.swift in Sources */ = {isa = PBXBuildFile; fileRef = 3AC12953230B5C6A000CC9BB /* AppDelegate.swift */; };
		3AC12956230B5C6A000CC9BB /* ViewController.swift in Sources */ = {isa = PBXBuildFile; fileRef = 3AC12955230B5C6A000CC9BB /* ViewController.swift */; };
		3AC12959230B5C6A000CC9BB /* Main.storyboard in Resources */ = {isa = PBXBuildFile; fileRef = 3AC12957230B5C6A000CC9BB /* Main.storyboard */; };
		3AC1295B230B5C7A000CC9BB /* Assets.xcassets in Resources */ = {isa = PBXBuildFile; fileRef = 3AC1295A230B5C7A000CC9BB /* Assets.xcassets */; };
		3AC1295E230B5C7A000CC9BB /* LaunchScreen.storyboard in Resources */ = {isa = PBXBuildFile; fileRef = 3AC1295C230B5C7A000CC9BB /* LaunchScreen.storyboard */; };
		3AC12966230B5CE7000CC9BB /* BaseTabBarController.swift in Sources */ = {isa = PBXBuildFile; fileRef = 3AC12965230B5CE7000CC9BB /* BaseTabBarController.swift */; };
		3AC1296A230B7909000CC9BB /* AppSearchController.swift in Sources */ = {isa = PBXBuildFile; fileRef = 3AC12969230B7909000CC9BB /* AppSearchController.swift */; };
		3AEEE92C230C84AC007DE10A /* Service.swift in Sources */ = {isa = PBXBuildFile; fileRef = 3AEEE92B230C84AC007DE10A /* Service.swift */; };
		7940ABB3FDA2144E03684FB2 /* Pods_AppStoreJSONAPis.framework in Frameworks */ = {isa = PBXBuildFile; fileRef = 853EB9C7B909803DCD7A24D8 /* Pods_AppStoreJSONAPis.framework */; };
/* End PBXBuildFile section */

/* Begin PBXFileReference section */
		3A727F76230BA82B009CC63C /* VerticalStackView.swift */ = {isa = PBXFileReference; lastKnownFileType = sourcecode.swift; path = VerticalStackView.swift; sourceTree = "<group>"; };
		3A727F79230C50AB009CC63C /* SearchResult.swift */ = {isa = PBXFileReference; lastKnownFileType = sourcecode.swift; path = SearchResult.swift; sourceTree = "<group>"; };
		3AA44E3E230B90F100882B8D /* SearchResultCell.swift */ = {isa = PBXFileReference; lastKnownFileType = sourcecode.swift; path = SearchResultCell.swift; sourceTree = "<group>"; };
		3AA44E42230B9B0600882B8D /* UIView+Layout.swift */ = {isa = PBXFileReference; fileEncoding = 4; lastKnownFileType = sourcecode.swift; path = "UIView+Layout.swift"; sourceTree = "<group>"; };
		3AC12950230B5C6A000CC9BB /* AppStoreJSONAPis.app */ = {isa = PBXFileReference; explicitFileType = wrapper.application; includeInIndex = 0; path = AppStoreJSONAPis.app; sourceTree = BUILT_PRODUCTS_DIR; };
		3AC12953230B5C6A000CC9BB /* AppDelegate.swift */ = {isa = PBXFileReference; lastKnownFileType = sourcecode.swift; path = AppDelegate.swift; sourceTree = "<group>"; };
		3AC12955230B5C6A000CC9BB /* ViewController.swift */ = {isa = PBXFileReference; lastKnownFileType = sourcecode.swift; path = ViewController.swift; sourceTree = "<group>"; };
		3AC12958230B5C6A000CC9BB /* Base */ = {isa = PBXFileReference; lastKnownFileType = file.storyboard; name = Base; path = Base.lproj/Main.storyboard; sourceTree = "<group>"; };
		3AC1295A230B5C7A000CC9BB /* Assets.xcassets */ = {isa = PBXFileReference; lastKnownFileType = folder.assetcatalog; path = Assets.xcassets; sourceTree = "<group>"; };
		3AC1295D230B5C7A000CC9BB /* Base */ = {isa = PBXFileReference; lastKnownFileType = file.storyboard; name = Base; path = Base.lproj/LaunchScreen.storyboard; sourceTree = "<group>"; };
		3AC1295F230B5C7A000CC9BB /* Info.plist */ = {isa = PBXFileReference; lastKnownFileType = text.plist.xml; path = Info.plist; sourceTree = "<group>"; };
		3AC12965230B5CE7000CC9BB /* BaseTabBarController.swift */ = {isa = PBXFileReference; lastKnownFileType = sourcecode.swift; path = BaseTabBarController.swift; sourceTree = "<group>"; };
		3AC12969230B7909000CC9BB /* AppSearchController.swift */ = {isa = PBXFileReference; lastKnownFileType = sourcecode.swift; path = AppSearchController.swift; sourceTree = "<group>"; };
		3AEEE92B230C84AC007DE10A /* Service.swift */ = {isa = PBXFileReference; lastKnownFileType = sourcecode.swift; path = Service.swift; sourceTree = "<group>"; };
		853EB9C7B909803DCD7A24D8 /* Pods_AppStoreJSONAPis.framework */ = {isa = PBXFileReference; explicitFileType = wrapper.framework; includeInIndex = 0; path = Pods_AppStoreJSONAPis.framework; sourceTree = BUILT_PRODUCTS_DIR; };
		91E4D94B5C506A3501DBC86D /* Pods-AppStoreJSONAPis.debug.xcconfig */ = {isa = PBXFileReference; includeInIndex = 1; lastKnownFileType = text.xcconfig; name = "Pods-AppStoreJSONAPis.debug.xcconfig"; path = "Target Support Files/Pods-AppStoreJSONAPis/Pods-AppStoreJSONAPis.debug.xcconfig"; sourceTree = "<group>"; };
		FD58DF67EE8D3700DD0E7C62 /* Pods-AppStoreJSONAPis.release.xcconfig */ = {isa = PBXFileReference; includeInIndex = 1; lastKnownFileType = text.xcconfig; name = "Pods-AppStoreJSONAPis.release.xcconfig"; path = "Target Support Files/Pods-AppStoreJSONAPis/Pods-AppStoreJSONAPis.release.xcconfig"; sourceTree = "<group>"; };
/* End PBXFileReference section */

/* Begin PBXFrameworksBuildPhase section */
		3AC1294D230B5C6A000CC9BB /* Frameworks */ = {
			isa = PBXFrameworksBuildPhase;
			buildActionMask = 2147483647;
			files = (
				7940ABB3FDA2144E03684FB2 /* Pods_AppStoreJSONAPis.framework in Frameworks */,
			);
			runOnlyForDeploymentPostprocessing = 0;
		};
/* End PBXFrameworksBuildPhase section */

/* Begin PBXGroup section */
		3A727F78230C5087009CC63C /* Model */ = {
			isa = PBXGroup;
			children = (
				3A727F79230C50AB009CC63C /* SearchResult.swift */,
			);
			path = Model;
			sourceTree = "<group>";
		};
		3AA44E40230B918B00882B8D /* Views */ = {
			isa = PBXGroup;
			children = (
				3AA44E3E230B90F100882B8D /* SearchResultCell.swift */,
			);
			path = Views;
			sourceTree = "<group>";
		};
		3AA44E41230B9AEC00882B8D /* Helpers */ = {
			isa = PBXGroup;
			children = (
				3AA44E42230B9B0600882B8D /* UIView+Layout.swift */,
				3A727F76230BA82B009CC63C /* VerticalStackView.swift */,
			);
			path = Helpers;
			sourceTree = "<group>";
		};
		3AC12947230B5C69000CC9BB = {
			isa = PBXGroup;
			children = (
				3AC12952230B5C6A000CC9BB /* AppStoreJSONAPis */,
				3AC12951230B5C6A000CC9BB /* Products */,
				5B9602A55B076ABC6E24A960 /* Pods */,
				C26FDE53EEBD67237F18F86F /* Frameworks */,
			);
			sourceTree = "<group>";
		};
		3AC12951230B5C6A000CC9BB /* Products */ = {
			isa = PBXGroup;
			children = (
				3AC12950230B5C6A000CC9BB /* AppStoreJSONAPis.app */,
			);
			name = Products;
			sourceTree = "<group>";
		};
		3AC12952230B5C6A000CC9BB /* AppStoreJSONAPis */ = {
			isa = PBXGroup;
			children = (
				3AEEE92A230C8463007DE10A /* Service */,
				3A727F78230C5087009CC63C /* Model */,
				3AA44E41230B9AEC00882B8D /* Helpers */,
				3AA44E40230B918B00882B8D /* Views */,
				3AC12968230B78EE000CC9BB /* Controller */,
				3AC1295A230B5C7A000CC9BB /* Assets.xcassets */,
				3AC12967230B7578000CC9BB /* Other */,
				3AC1295F230B5C7A000CC9BB /* Info.plist */,
			);
			path = AppStoreJSONAPis;
			sourceTree = "<group>";
		};
		3AC12967230B7578000CC9BB /* Other */ = {
			isa = PBXGroup;
			children = (
				3AC12953230B5C6A000CC9BB /* AppDelegate.swift */,
				3AC12955230B5C6A000CC9BB /* ViewController.swift */,
				3AC12957230B5C6A000CC9BB /* Main.storyboard */,
				3AC1295C230B5C7A000CC9BB /* LaunchScreen.storyboard */,
			);
			path = Other;
			sourceTree = "<group>";
		};
		3AC12968230B78EE000CC9BB /* Controller */ = {
			isa = PBXGroup;
			children = (
				3AC12965230B5CE7000CC9BB /* BaseTabBarController.swift */,
				3AC12969230B7909000CC9BB /* AppSearchController.swift */,
			);
			path = Controller;
			sourceTree = "<group>";
		};
		3AEEE92A230C8463007DE10A /* Service */ = {
			isa = PBXGroup;
			children = (
				3AEEE92B230C84AC007DE10A /* Service.swift */,
			);
			path = Service;
			sourceTree = "<group>";
		};
		5B9602A55B076ABC6E24A960 /* Pods */ = {
			isa = PBXGroup;
			children = (
				91E4D94B5C506A3501DBC86D /* Pods-AppStoreJSONAPis.debug.xcconfig */,
				FD58DF67EE8D3700DD0E7C62 /* Pods-AppStoreJSONAPis.release.xcconfig */,
			);
			name = Pods;
			path = Pods;
			sourceTree = "<group>";
		};
		C26FDE53EEBD67237F18F86F /* Frameworks */ = {
			isa = PBXGroup;
			children = (
				853EB9C7B909803DCD7A24D8 /* Pods_AppStoreJSONAPis.framework */,
			);
			name = Frameworks;
			sourceTree = "<group>";
		};
/* End PBXGroup section */

/* Begin PBXNativeTarget section */
		3AC1294F230B5C6A000CC9BB /* AppStoreJSONAPis */ = {
			isa = PBXNativeTarget;
			buildConfigurationList = 3AC12962230B5C7A000CC9BB /* Build configuration list for PBXNativeTarget "AppStoreJSONAPis" */;
			buildPhases = (
				B4106B4A34F25DB425C94368 /* [CP] Check Pods Manifest.lock */,
				3AC1294C230B5C6A000CC9BB /* Sources */,
				3AC1294D230B5C6A000CC9BB /* Frameworks */,
				3AC1294E230B5C6A000CC9BB /* Resources */,
				5B2E961A25DECED26D868FCE /* [CP] Embed Pods Frameworks */,
			);
			buildRules = (
			);
			dependencies = (
			);
			name = AppStoreJSONAPis;
			productName = AppStoreJSONAPis;
			productReference = 3AC12950230B5C6A000CC9BB /* AppStoreJSONAPis.app */;
			productType = "com.apple.product-type.application";
		};
/* End PBXNativeTarget section */

/* Begin PBXProject section */
		3AC12948230B5C69000CC9BB /* Project object */ = {
			isa = PBXProject;
			attributes = {
				LastSwiftUpdateCheck = 1030;
				LastUpgradeCheck = 1030;
				ORGANIZATIONNAME = "Dwayne Neckles";
				TargetAttributes = {
					3AC1294F230B5C6A000CC9BB = {
						CreatedOnToolsVersion = 10.3;
					};
				};
			};
			buildConfigurationList = 3AC1294B230B5C69000CC9BB /* Build configuration list for PBXProject "AppStoreJSONAPis" */;
			compatibilityVersion = "Xcode 9.3";
			developmentRegion = en;
			hasScannedForEncodings = 0;
			knownRegions = (
				en,
				Base,
			);
			mainGroup = 3AC12947230B5C69000CC9BB;
			productRefGroup = 3AC12951230B5C6A000CC9BB /* Products */;
			projectDirPath = "";
			projectRoot = "";
			targets = (
				3AC1294F230B5C6A000CC9BB /* AppStoreJSONAPis */,
			);
		};
/* End PBXProject section */

/* Begin PBXResourcesBuildPhase section */
		3AC1294E230B5C6A000CC9BB /* Resources */ = {
			isa = PBXResourcesBuildPhase;
			buildActionMask = 2147483647;
			files = (
				3AC1295E230B5C7A000CC9BB /* LaunchScreen.storyboard in Resources */,
				3AC1295B230B5C7A000CC9BB /* Assets.xcassets in Resources */,
				3AC12959230B5C6A000CC9BB /* Main.storyboard in Resources */,
			);
			runOnlyForDeploymentPostprocessing = 0;
		};
/* End PBXResourcesBuildPhase section */

/* Begin PBXShellScriptBuildPhase section */
		5B2E961A25DECED26D868FCE /* [CP] Embed Pods Frameworks */ = {
			isa = PBXShellScriptBuildPhase;
			buildActionMask = 2147483647;
			files = (
			);
			inputFileListPaths = (
				"${PODS_ROOT}/Target Support Files/Pods-AppStoreJSONAPis/Pods-AppStoreJSONAPis-frameworks-${CONFIGURATION}-input-files.xcfilelist",
			);
			name = "[CP] Embed Pods Frameworks";
			outputFileListPaths = (
				"${PODS_ROOT}/Target Support Files/Pods-AppStoreJSONAPis/Pods-AppStoreJSONAPis-frameworks-${CONFIGURATION}-output-files.xcfilelist",
			);
			runOnlyForDeploymentPostprocessing = 0;
			shellPath = /bin/sh;
			shellScript = "\"${PODS_ROOT}/Target Support Files/Pods-AppStoreJSONAPis/Pods-AppStoreJSONAPis-frameworks.sh\"\n";
			showEnvVarsInLog = 0;
		};
		B4106B4A34F25DB425C94368 /* [CP] Check Pods Manifest.lock */ = {
			isa = PBXShellScriptBuildPhase;
			buildActionMask = 2147483647;
			files = (
			);
			inputFileListPaths = (
			);
			inputPaths = (
				"${PODS_PODFILE_DIR_PATH}/Podfile.lock",
				"${PODS_ROOT}/Manifest.lock",
			);
			name = "[CP] Check Pods Manifest.lock";
			outputFileListPaths = (
			);
			outputPaths = (
				"$(DERIVED_FILE_DIR)/Pods-AppStoreJSONAPis-checkManifestLockResult.txt",
			);
			runOnlyForDeploymentPostprocessing = 0;
			shellPath = /bin/sh;
			shellScript = "diff \"${PODS_PODFILE_DIR_PATH}/Podfile.lock\" \"${PODS_ROOT}/Manifest.lock\" > /dev/null\nif [ $? != 0 ] ; then\n    # print error to STDERR\n    echo \"error: The sandbox is not in sync with the Podfile.lock. Run 'pod install' or update your CocoaPods installation.\" >&2\n    exit 1\nfi\n# This output is used by Xcode 'outputs' to avoid re-running this script phase.\necho \"SUCCESS\" > \"${SCRIPT_OUTPUT_FILE_0}\"\n";
			showEnvVarsInLog = 0;
		};
/* End PBXShellScriptBuildPhase section */

/* Begin PBXSourcesBuildPhase section */
		3AC1294C230B5C6A000CC9BB /* Sources */ = {
			isa = PBXSourcesBuildPhase;
			buildActionMask = 2147483647;
			files = (
				3AC12956230B5C6A000CC9BB /* ViewController.swift in Sources */,
				3AC12954230B5C6A000CC9BB /* AppDelegate.swift in Sources */,
				3A727F7A230C50AB009CC63C /* SearchResult.swift in Sources */,
				3AA44E43230B9B0600882B8D /* UIView+Layout.swift in Sources */,
				3AC12966230B5CE7000CC9BB /* BaseTabBarController.swift in Sources */,
				3AEEE92C230C84AC007DE10A /* Service.swift in Sources */,
				3AC1296A230B7909000CC9BB /* AppSearchController.swift in Sources */,
				3AA44E3F230B90F100882B8D /* SearchResultCell.swift in Sources */,
				3A727F77230BA82B009CC63C /* VerticalStackView.swift in Sources */,
			);
			runOnlyForDeploymentPostprocessing = 0;
		};
/* End PBXSourcesBuildPhase section */

/* Begin PBXVariantGroup section */
		3AC12957230B5C6A000CC9BB /* Main.storyboard */ = {
			isa = PBXVariantGroup;
			children = (
				3AC12958230B5C6A000CC9BB /* Base */,
			);
			name = Main.storyboard;
			sourceTree = "<group>";
		};
		3AC1295C230B5C7A000CC9BB /* LaunchScreen.storyboard */ = {
			isa = PBXVariantGroup;
			children = (
				3AC1295D230B5C7A000CC9BB /* Base */,
			);
			name = LaunchScreen.storyboard;
			sourceTree = "<group>";
		};
/* End PBXVariantGroup section */

/* Begin XCBuildConfiguration section */
		3AC12960230B5C7A000CC9BB /* Debug */ = {
			isa = XCBuildConfiguration;
			buildSettings = {
				ALWAYS_SEARCH_USER_PATHS = NO;
				CLANG_ANALYZER_NONNULL = YES;
				CLANG_ANALYZER_NUMBER_OBJECT_CONVERSION = YES_AGGRESSIVE;
				CLANG_CXX_LANGUAGE_STANDARD = "gnu++14";
				CLANG_CXX_LIBRARY = "libc++";
				CLANG_ENABLE_MODULES = YES;
				CLANG_ENABLE_OBJC_ARC = YES;
				CLANG_ENABLE_OBJC_WEAK = YES;
				CLANG_WARN_BLOCK_CAPTURE_AUTORELEASING = YES;
				CLANG_WARN_BOOL_CONVERSION = YES;
				CLANG_WARN_COMMA = YES;
				CLANG_WARN_CONSTANT_CONVERSION = YES;
				CLANG_WARN_DEPRECATED_OBJC_IMPLEMENTATIONS = YES;
				CLANG_WARN_DIRECT_OBJC_ISA_USAGE = YES_ERROR;
				CLANG_WARN_DOCUMENTATION_COMMENTS = YES;
				CLANG_WARN_EMPTY_BODY = YES;
				CLANG_WARN_ENUM_CONVERSION = YES;
				CLANG_WARN_INFINITE_RECURSION = YES;
				CLANG_WARN_INT_CONVERSION = YES;
				CLANG_WARN_NON_LITERAL_NULL_CONVERSION = YES;
				CLANG_WARN_OBJC_IMPLICIT_RETAIN_SELF = YES;
				CLANG_WARN_OBJC_LITERAL_CONVERSION = YES;
				CLANG_WARN_OBJC_ROOT_CLASS = YES_ERROR;
				CLANG_WARN_RANGE_LOOP_ANALYSIS = YES;
				CLANG_WARN_STRICT_PROTOTYPES = YES;
				CLANG_WARN_SUSPICIOUS_MOVE = YES;
				CLANG_WARN_UNGUARDED_AVAILABILITY = YES_AGGRESSIVE;
				CLANG_WARN_UNREACHABLE_CODE = YES;
				CLANG_WARN__DUPLICATE_METHOD_MATCH = YES;
				CODE_SIGN_IDENTITY = "iPhone Developer";
				COPY_PHASE_STRIP = NO;
				DEBUG_INFORMATION_FORMAT = dwarf;
				ENABLE_STRICT_OBJC_MSGSEND = YES;
				ENABLE_TESTABILITY = YES;
				GCC_C_LANGUAGE_STANDARD = gnu11;
				GCC_DYNAMIC_NO_PIC = NO;
				GCC_NO_COMMON_BLOCKS = YES;
				GCC_OPTIMIZATION_LEVEL = 0;
				GCC_PREPROCESSOR_DEFINITIONS = (
					"DEBUG=1",
					"$(inherited)",
				);
				GCC_WARN_64_TO_32_BIT_CONVERSION = YES;
				GCC_WARN_ABOUT_RETURN_TYPE = YES_ERROR;
				GCC_WARN_UNDECLARED_SELECTOR = YES;
				GCC_WARN_UNINITIALIZED_AUTOS = YES_AGGRESSIVE;
				GCC_WARN_UNUSED_FUNCTION = YES;
				GCC_WARN_UNUSED_VARIABLE = YES;
				IPHONEOS_DEPLOYMENT_TARGET = 12.4;
				MTL_ENABLE_DEBUG_INFO = INCLUDE_SOURCE;
				MTL_FAST_MATH = YES;
				ONLY_ACTIVE_ARCH = YES;
				SDKROOT = iphoneos;
				SWIFT_ACTIVE_COMPILATION_CONDITIONS = DEBUG;
				SWIFT_OPTIMIZATION_LEVEL = "-Onone";
			};
			name = Debug;
		};
		3AC12961230B5C7A000CC9BB /* Release */ = {
			isa = XCBuildConfiguration;
			buildSettings = {
				ALWAYS_SEARCH_USER_PATHS = NO;
				CLANG_ANALYZER_NONNULL = YES;
				CLANG_ANALYZER_NUMBER_OBJECT_CONVERSION = YES_AGGRESSIVE;
				CLANG_CXX_LANGUAGE_STANDARD = "gnu++14";
				CLANG_CXX_LIBRARY = "libc++";
				CLANG_ENABLE_MODULES = YES;
				CLANG_ENABLE_OBJC_ARC = YES;
				CLANG_ENABLE_OBJC_WEAK = YES;
				CLANG_WARN_BLOCK_CAPTURE_AUTORELEASING = YES;
				CLANG_WARN_BOOL_CONVERSION = YES;
				CLANG_WARN_COMMA = YES;
				CLANG_WARN_CONSTANT_CONVERSION = YES;
				CLANG_WARN_DEPRECATED_OBJC_IMPLEMENTATIONS = YES;
				CLANG_WARN_DIRECT_OBJC_ISA_USAGE = YES_ERROR;
				CLANG_WARN_DOCUMENTATION_COMMENTS = YES;
				CLANG_WARN_EMPTY_BODY = YES;
				CLANG_WARN_ENUM_CONVERSION = YES;
				CLANG_WARN_INFINITE_RECURSION = YES;
				CLANG_WARN_INT_CONVERSION = YES;
				CLANG_WARN_NON_LITERAL_NULL_CONVERSION = YES;
				CLANG_WARN_OBJC_IMPLICIT_RETAIN_SELF = YES;
				CLANG_WARN_OBJC_LITERAL_CONVERSION = YES;
				CLANG_WARN_OBJC_ROOT_CLASS = YES_ERROR;
				CLANG_WARN_RANGE_LOOP_ANALYSIS = YES;
				CLANG_WARN_STRICT_PROTOTYPES = YES;
				CLANG_WARN_SUSPICIOUS_MOVE = YES;
				CLANG_WARN_UNGUARDED_AVAILABILITY = YES_AGGRESSIVE;
				CLANG_WARN_UNREACHABLE_CODE = YES;
				CLANG_WARN__DUPLICATE_METHOD_MATCH = YES;
				CODE_SIGN_IDENTITY = "iPhone Developer";
				COPY_PHASE_STRIP = NO;
				DEBUG_INFORMATION_FORMAT = "dwarf-with-dsym";
				ENABLE_NS_ASSERTIONS = NO;
				ENABLE_STRICT_OBJC_MSGSEND = YES;
				GCC_C_LANGUAGE_STANDARD = gnu11;
				GCC_NO_COMMON_BLOCKS = YES;
				GCC_WARN_64_TO_32_BIT_CONVERSION = YES;
				GCC_WARN_ABOUT_RETURN_TYPE = YES_ERROR;
				GCC_WARN_UNDECLARED_SELECTOR = YES;
				GCC_WARN_UNINITIALIZED_AUTOS = YES_AGGRESSIVE;
				GCC_WARN_UNUSED_FUNCTION = YES;
				GCC_WARN_UNUSED_VARIABLE = YES;
				IPHONEOS_DEPLOYMENT_TARGET = 12.4;
				MTL_ENABLE_DEBUG_INFO = NO;
				MTL_FAST_MATH = YES;
				SDKROOT = iphoneos;
				SWIFT_COMPILATION_MODE = wholemodule;
				SWIFT_OPTIMIZATION_LEVEL = "-O";
				VALIDATE_PRODUCT = YES;
			};
			name = Release;
		};
		3AC12963230B5C7A000CC9BB /* Debug */ = {
			isa = XCBuildConfiguration;
			baseConfigurationReference = 91E4D94B5C506A3501DBC86D /* Pods-AppStoreJSONAPis.debug.xcconfig */;
			buildSettings = {
				ASSETCATALOG_COMPILER_APPICON_NAME = AppIcon;
				CODE_SIGN_STYLE = Automatic;
				INFOPLIST_FILE = AppStoreJSONAPis/Info.plist;
				LD_RUNPATH_SEARCH_PATHS = (
					"$(inherited)",
					"@executable_path/Frameworks",
				);
				PRODUCT_BUNDLE_IDENTIFIER = dwayneneckles.AppStoreJSONAPis;
				PRODUCT_NAME = "$(TARGET_NAME)";
				SWIFT_VERSION = 4.2;
				TARGETED_DEVICE_FAMILY = "1,2";
			};
			name = Debug;
		};
		3AC12964230B5C7A000CC9BB /* Release */ = {
			isa = XCBuildConfiguration;
			baseConfigurationReference = FD58DF67EE8D3700DD0E7C62 /* Pods-AppStoreJSONAPis.release.xcconfig */;
			buildSettings = {
				ASSETCATALOG_COMPILER_APPICON_NAME = AppIcon;
				CODE_SIGN_STYLE = Automatic;
				INFOPLIST_FILE = AppStoreJSONAPis/Info.plist;
				LD_RUNPATH_SEARCH_PATHS = (
					"$(inherited)",
					"@executable_path/Frameworks",
				);
				PRODUCT_BUNDLE_IDENTIFIER = dwayneneckles.AppStoreJSONAPis;
				PRODUCT_NAME = "$(TARGET_NAME)";
				SWIFT_VERSION = 4.2;
				TARGETED_DEVICE_FAMILY = "1,2";
			};
			name = Release;
		};
/* End XCBuildConfiguration section */

/* Begin XCConfigurationList section */
		3AC1294B230B5C69000CC9BB /* Build configuration list for PBXProject "AppStoreJSONAPis" */ = {
			isa = XCConfigurationList;
			buildConfigurations = (
				3AC12960230B5C7A000CC9BB /* Debug */,
				3AC12961230B5C7A000CC9BB /* Release */,
			);
			defaultConfigurationIsVisible = 0;
			defaultConfigurationName = Release;
		};
		3AC12962230B5C7A000CC9BB /* Build configuration list for PBXNativeTarget "AppStoreJSONAPis" */ = {
			isa = XCConfigurationList;
			buildConfigurations = (
				3AC12963230B5C7A000CC9BB /* Debug */,
				3AC12964230B5C7A000CC9BB /* Release */,
			);
			defaultConfigurationIsVisible = 0;
			defaultConfigurationName = Release;
		};
/* End XCConfigurationList section */
	};
	rootObject = 3AC12948230B5C69000CC9BB /* Project object */;
}
